# This file is generated by running "yarn install" inside your project.
# Manual changes might be lost - proceed with caution!

__metadata:
  version: 4

"add@workspace:packages/add":
  version: 0.0.0-use.local
  resolution: "add@workspace:packages/add"
  languageName: unknown
  linkType: soft

"changeset-demo@workspace:.":
  version: 0.0.0-use.local
  resolution: "changeset-demo@workspace:."
  languageName: unknown
  linkType: soft
